
Microsoft Visual Studio Solution File, Format Version 12.00
# Visual Studio 15
VisualStudioVersion = 15.0.26430.6
MinimumVisualStudioVersion = 10.0.40219.1
Project("{FAE04EC0-301F-11D3-BF4B-00C04F79EFBC}") = "CodedUItest", "CodedUItest\CodedUItest.csproj", "{308925CF-0EF1-44E2-9307-6223CF8B6C6F}"
EndProject
Project("{FAE04EC0-301F-11D3-BF4B-00C04F79EFBC}") = "CodedUiTest.Test", "CodedUiTest.Test\CodedUiTest.Test.csproj", "{610FCF89-1DFD-4619-B12C-D3249DAB984C}"
EndProject
Global
	GlobalSection(SolutionConfigurationPlatforms) = preSolution
		Debug|Any CPU = Debug|Any CPU
		Debug|ARM = Debug|ARM
		Debug|x64 = Debug|x64
		Debug|x86 = Debug|x86
		Release|Any CPU = Release|Any CPU
		Release|ARM = Release|ARM
		Release|x64 = Release|x64
		Release|x86 = Release|x86
	EndGlobalSection
	GlobalSection(ProjectConfigurationPlatforms) = postSolution
		{308925CF-0EF1-44E2-9307-6223CF8B6C6F}.Debug|Any CPU.ActiveCfg = Debug|x86
		{308925CF-0EF1-44E2-9307-6223CF8B6C6F}.Debug|ARM.ActiveCfg = Debug|ARM
		{308925CF-0EF1-44E2-9307-6223CF8B6C6F}.Debug|ARM.Build.0 = Debug|ARM
		{308925CF-0EF1-44E2-9307-6223CF8B6C6F}.Debug|ARM.Deploy.0 = Debug|ARM
		{308925CF-0EF1-44E2-9307-6223CF8B6C6F}.Debug|x64.ActiveCfg = Debug|x64
		{308925CF-0EF1-44E2-9307-6223CF8B6C6F}.Debug|x64.Build.0 = Debug|x64
		{308925CF-0EF1-44E2-9307-6223CF8B6C6F}.Debug|x64.Deploy.0 = Debug|x64
		{308925CF-0EF1-44E2-9307-6223CF8B6C6F}.Debug|x86.ActiveCfg = Debug|x86
		{308925CF-0EF1-44E2-9307-6223CF8B6C6F}.Debug|x86.Build.0 = Debug|x86
		{308925CF-0EF1-44E2-9307-6223CF8B6C6F}.Debug|x86.Deploy.0 = Debug|x86
		{308925CF-0EF1-44E2-9307-6223CF8B6C6F}.Release|Any CPU.ActiveCfg = Release|x86
		{308925CF-0EF1-44E2-9307-6223CF8B6C6F}.Release|ARM.ActiveCfg = Release|ARM
		{308925CF-0EF1-44E2-9307-6223CF8B6C6F}.Release|ARM.Build.0 = Release|ARM
		{308925CF-0EF1-44E2-9307-6223CF8B6C6F}.Release|ARM.Deploy.0 = Release|ARM
		{308925CF-0EF1-44E2-9307-6223CF8B6C6F}.Release|x64.ActiveCfg = Release|x64
		{308925CF-0EF1-44E2-9307-6223CF8B6C6F}.Release|x64.Build.0 = Release|x64
		{308925CF-0EF1-44E2-9307-6223CF8B6C6F}.Release|x64.Deploy.0 = Release|x64
		{308925CF-0EF1-44E2-9307-6223CF8B6C6F}.Release|x86.ActiveCfg = Release|x86
		{308925CF-0EF1-44E2-9307-6223CF8B6C6F}.Release|x86.Build.0 = Release|x86
		{308925CF-0EF1-44E2-9307-6223CF8B6C6F}.Release|x86.Deploy.0 = Release|x86
		{610FCF89-1DFD-4619-B12C-D3249DAB984C}.Debug|Any CPU.ActiveCfg = Debug|Any CPU
		{610FCF89-1DFD-4619-B12C-D3249DAB984C}.Debug|Any CPU.Build.0 = Debug|Any CPU
		{610FCF89-1DFD-4619-B12C-D3249DAB984C}.Debug|ARM.ActiveCfg = Debug|Any CPU
		{610FCF89-1DFD-4619-B12C-D3249DAB984C}.Debug|ARM.Build.0 = Debug|Any CPU
		{610FCF89-1DFD-4619-B12C-D3249DAB984C}.Debug|x64.ActiveCfg = Debug|Any CPU
		{610FCF89-1DFD-4619-B12C-D3249DAB984C}.Debug|x64.Build.0 = Debug|Any CPU
		{610FCF89-1DFD-4619-B12C-D3249DAB984C}.Debug|x86.ActiveCfg = Debug|Any CPU
		{610FCF89-1DFD-4619-B12C-D3249DAB984C}.Debug|x86.Build.0 = Debug|Any CPU
		{610FCF89-1DFD-4619-B12C-D3249DAB984C}.Release|Any CPU.ActiveCfg = Release|Any CPU
		{610FCF89-1DFD-4619-B12C-D3249DAB984C}.Release|Any CPU.Build.0 = Release|Any CPU
		{610FCF89-1DFD-4619-B12C-D3249DAB984C}.Release|ARM.ActiveCfg = Release|Any CPU
		{610FCF89-1DFD-4619-B12C-D3249DAB984C}.Release|ARM.Build.0 = Release|Any CPU
		{610FCF89-1DFD-4619-B12C-D3249DAB984C}.Release|x64.ActiveCfg = Release|Any CPU
		{610FCF89-1DFD-4619-B12C-D3249DAB984C}.Release|x64.Build.0 = Release|Any CPU
		{610FCF89-1DFD-4619-B12C-D3249DAB984C}.Release|x86.ActiveCfg = Release|Any CPU
		{610FCF89-1DFD-4619-B12C-D3249DAB984C}.Release|x86.Build.0 = Release|Any CPU
	EndGlobalSection
	GlobalSection(SolutionProperties) = preSolution
		HideSolutionNode = FALSE
	EndGlobalSection
EndGlobal
